
Microsoft Visual Studio Solution File, Format Version 12.00
# Visual Studio 14
VisualStudioVersion = 14.0.25420.1
MinimumVisualStudioVersion = 10.0.40219.1
Project("{FAE04EC0-301F-11D3-BF4B-00C04F79EFBC}") = "PoC.DocSolCreator", "PoC.DocSolCreator\PoC.DocSolCreator.csproj", "{7BF5E46A-2085-4FA6-A6EE-F9C612AC8752}"
EndProject
Project("{FAE04EC0-301F-11D3-BF4B-00C04F79EFBC}") = "DocSolTemplateer", "DocSolTemplateer\DocSolTemplateer.csproj", "{1622EE50-1454-4626-85DF-6513A7699D06}"
EndProject
Project("{FAE04EC0-301F-11D3-BF4B-00C04F79EFBC}") = "DocSolGenerator", "DocSolGenerator\DocSolGenerator.csproj", "{A22B2D4E-3B6D-467E-ABC1-67EAFB46DA7F}"
EndProject
Global
	GlobalSection(SolutionConfigurationPlatforms) = preSolution
		Debug|Any CPU = Debug|Any CPU
		Release|Any CPU = Release|Any CPU
	EndGlobalSection
	GlobalSection(ProjectConfigurationPlatforms) = postSolution
		{7BF5E46A-2085-4FA6-A6EE-F9C612AC8752}.Debug|Any CPU.ActiveCfg = Debug|Any CPU
		{7BF5E46A-2085-4FA6-A6EE-F9C612AC8752}.Debug|Any CPU.Build.0 = Debug|Any CPU
		{7BF5E46A-2085-4FA6-A6EE-F9C612AC8752}.Release|Any CPU.ActiveCfg = Release|Any CPU
		{7BF5E46A-2085-4FA6-A6EE-F9C612AC8752}.Release|Any CPU.Build.0 = Release|Any CPU
		{1622EE50-1454-4626-85DF-6513A7699D06}.Debug|Any CPU.ActiveCfg = Debug|Any CPU
		{1622EE50-1454-4626-85DF-6513A7699D06}.Debug|Any CPU.Build.0 = Debug|Any CPU
		{1622EE50-1454-4626-85DF-6513A7699D06}.Release|Any CPU.ActiveCfg = Release|Any CPU
		{1622EE50-1454-4626-85DF-6513A7699D06}.Release|Any CPU.Build.0 = Release|Any CPU
		{A22B2D4E-3B6D-467E-ABC1-67EAFB46DA7F}.Debug|Any CPU.ActiveCfg = Debug|Any CPU
		{A22B2D4E-3B6D-467E-ABC1-67EAFB46DA7F}.Debug|Any CPU.Build.0 = Debug|Any CPU
		{A22B2D4E-3B6D-467E-ABC1-67EAFB46DA7F}.Release|Any CPU.ActiveCfg = Release|Any CPU
		{A22B2D4E-3B6D-467E-ABC1-67EAFB46DA7F}.Release|Any CPU.Build.0 = Release|Any CPU
	EndGlobalSection
	GlobalSection(SolutionProperties) = preSolution
		HideSolutionNode = FALSE
	EndGlobalSection
EndGlobal
